
Microsoft Visual Studio Solution File, Format Version 12.00
# Visual Studio Version 16
VisualStudioVersion = 16.0.32106.194
MinimumVisualStudioVersion = 10.0.40219.1
Project("{9A19103F-16F7-4668-BE54-9A1E7A4F7556}") = "ECommerce.Api.Products", "ECommerce.Api.Products\ECommerce.Api.Products.csproj", "{0456E163-6CE8-4106-A13A-3DB2AFD8BBEF}"
EndProject
Project("{9A19103F-16F7-4668-BE54-9A1E7A4F7556}") = "ECommerce.Api.Customers", "ECommerce.Api.Customers\ECommerce.Api.Customers.csproj", "{6903A0E3-6522-4621-9725-9CED6F0836B0}"
EndProject
Project("{9A19103F-16F7-4668-BE54-9A1E7A4F7556}") = "ECommerce.Api.Orders", "ECommerce.Api.Orders\ECommerce.Api.Orders.csproj", "{00D6005D-9D2B-4F85-977F-26A38C9BAB11}"
EndProject
Project("{9A19103F-16F7-4668-BE54-9A1E7A4F7556}") = "ECommerce.Api.Search", "ECommerce.Api.Search\ECommerce.Api.Search.csproj", "{46730427-F399-4E23-A48C-82BD713366D1}"
EndProject
Project("{FAE04EC0-301F-11D3-BF4B-00C04F79EFBC}") = "ECommerce.Api.Products.Tests", "ECommerce.Api.Products.Tests\ECommerce.Api.Products.Tests.csproj", "{B315494D-AFB4-417E-B899-AE73A240AC93}"
EndProject
Global
	GlobalSection(SolutionConfigurationPlatforms) = preSolution
		Debug|Any CPU = Debug|Any CPU
		Release|Any CPU = Release|Any CPU
	EndGlobalSection
	GlobalSection(ProjectConfigurationPlatforms) = postSolution
		{0456E163-6CE8-4106-A13A-3DB2AFD8BBEF}.Debug|Any CPU.ActiveCfg = Debug|Any CPU
		{0456E163-6CE8-4106-A13A-3DB2AFD8BBEF}.Debug|Any CPU.Build.0 = Debug|Any CPU
		{0456E163-6CE8-4106-A13A-3DB2AFD8BBEF}.Release|Any CPU.ActiveCfg = Release|Any CPU
		{0456E163-6CE8-4106-A13A-3DB2AFD8BBEF}.Release|Any CPU.Build.0 = Release|Any CPU
		{6903A0E3-6522-4621-9725-9CED6F0836B0}.Debug|Any CPU.ActiveCfg = Debug|Any CPU
		{6903A0E3-6522-4621-9725-9CED6F0836B0}.Debug|Any CPU.Build.0 = Debug|Any CPU
		{6903A0E3-6522-4621-9725-9CED6F0836B0}.Release|Any CPU.ActiveCfg = Release|Any CPU
		{6903A0E3-6522-4621-9725-9CED6F0836B0}.Release|Any CPU.Build.0 = Release|Any CPU
		{00D6005D-9D2B-4F85-977F-26A38C9BAB11}.Debug|Any CPU.ActiveCfg = Debug|Any CPU
		{00D6005D-9D2B-4F85-977F-26A38C9BAB11}.Debug|Any CPU.Build.0 = Debug|Any CPU
		{00D6005D-9D2B-4F85-977F-26A38C9BAB11}.Release|Any CPU.ActiveCfg = Release|Any CPU
		{00D6005D-9D2B-4F85-977F-26A38C9BAB11}.Release|Any CPU.Build.0 = Release|Any CPU
		{46730427-F399-4E23-A48C-82BD713366D1}.Debug|Any CPU.ActiveCfg = Debug|Any CPU
		{46730427-F399-4E23-A48C-82BD713366D1}.Debug|Any CPU.Build.0 = Debug|Any CPU
		{46730427-F399-4E23-A48C-82BD713366D1}.Release|Any CPU.ActiveCfg = Release|Any CPU
		{46730427-F399-4E23-A48C-82BD713366D1}.Release|Any CPU.Build.0 = Release|Any CPU
		{B315494D-AFB4-417E-B899-AE73A240AC93}.Debug|Any CPU.ActiveCfg = Debug|Any CPU
		{B315494D-AFB4-417E-B899-AE73A240AC93}.Debug|Any CPU.Build.0 = Debug|Any CPU
		{B315494D-AFB4-417E-B899-AE73A240AC93}.Release|Any CPU.ActiveCfg = Release|Any CPU
		{B315494D-AFB4-417E-B899-AE73A240AC93}.Release|Any CPU.Build.0 = Release|Any CPU
	EndGlobalSection
	GlobalSection(SolutionProperties) = preSolution
		HideSolutionNode = FALSE
	EndGlobalSection
	GlobalSection(ExtensibilityGlobals) = postSolution
		SolutionGuid = {BB5F1522-9BF4-4F5B-912B-01127D17E15E}
	EndGlobalSection
EndGlobal
